
Microsoft Visual Studio Solution File, Format Version 12.00
Project("{FAE04EC0-301F-11D3-BF4B-00C04F79EFBC}") = "Api", "Api\Api.csproj", "{E328FFF2-B752-496E-B893-EA4D2198480F}"
EndProject
Project("{FAE04EC0-301F-11D3-BF4B-00C04F79EFBC}") = "Domain", "Domain\Domain.csproj", "{FBDCF708-7A1B-4BC1-8FBE-9B9BCAD86E64}"
EndProject
Project("{FAE04EC0-301F-11D3-BF4B-00C04F79EFBC}") = "Application", "Application\Application.csproj", "{6424DAC3-00C5-4DED-8674-E6B4FF6708BB}"
EndProject
Project("{FAE04EC0-301F-11D3-BF4B-00C04F79EFBC}") = "Infrastructure", "Infrastructure\Infrastructure.csproj", "{9F70723F-BFD8-4A3A-B694-8F463B52B73A}"
EndProject
Project("{FAE04EC0-301F-11D3-BF4B-00C04F79EFBC}") = "Shared", "Shared\Shared.csproj", "{9A59CD35-905D-40A8-B867-576CDE40E9C0}"
EndProject
Project("{2150E333-8FDC-42A3-9474-1A3956D46DE8}") = "src", "src", "{C15586C6-A755-4AFB-A1A7-84636503FF09}"
EndProject
Project("{2150E333-8FDC-42A3-9474-1A3956D46DE8}") = "tests", "tests", "{28707EB3-8519-4246-AEA1-2ADC461B4B37}"
EndProject
Global
	GlobalSection(SolutionConfigurationPlatforms) = preSolution
		Debug|Any CPU = Debug|Any CPU
		Release|Any CPU = Release|Any CPU
	EndGlobalSection
	GlobalSection(ProjectConfigurationPlatforms) = postSolution
		{E328FFF2-B752-496E-B893-EA4D2198480F}.Debug|Any CPU.ActiveCfg = Debug|Any CPU
		{E328FFF2-B752-496E-B893-EA4D2198480F}.Debug|Any CPU.Build.0 = Debug|Any CPU
		{E328FFF2-B752-496E-B893-EA4D2198480F}.Release|Any CPU.ActiveCfg = Release|Any CPU
		{E328FFF2-B752-496E-B893-EA4D2198480F}.Release|Any CPU.Build.0 = Release|Any CPU
		{FBDCF708-7A1B-4BC1-8FBE-9B9BCAD86E64}.Debug|Any CPU.ActiveCfg = Debug|Any CPU
		{FBDCF708-7A1B-4BC1-8FBE-9B9BCAD86E64}.Debug|Any CPU.Build.0 = Debug|Any CPU
		{FBDCF708-7A1B-4BC1-8FBE-9B9BCAD86E64}.Release|Any CPU.ActiveCfg = Release|Any CPU
		{FBDCF708-7A1B-4BC1-8FBE-9B9BCAD86E64}.Release|Any CPU.Build.0 = Release|Any CPU
		{6424DAC3-00C5-4DED-8674-E6B4FF6708BB}.Debug|Any CPU.ActiveCfg = Debug|Any CPU
		{6424DAC3-00C5-4DED-8674-E6B4FF6708BB}.Debug|Any CPU.Build.0 = Debug|Any CPU
		{6424DAC3-00C5-4DED-8674-E6B4FF6708BB}.Release|Any CPU.ActiveCfg = Release|Any CPU
		{6424DAC3-00C5-4DED-8674-E6B4FF6708BB}.Release|Any CPU.Build.0 = Release|Any CPU
		{9F70723F-BFD8-4A3A-B694-8F463B52B73A}.Debug|Any CPU.ActiveCfg = Debug|Any CPU
		{9F70723F-BFD8-4A3A-B694-8F463B52B73A}.Debug|Any CPU.Build.0 = Debug|Any CPU
		{9F70723F-BFD8-4A3A-B694-8F463B52B73A}.Release|Any CPU.ActiveCfg = Release|Any CPU
		{9F70723F-BFD8-4A3A-B694-8F463B52B73A}.Release|Any CPU.Build.0 = Release|Any CPU
		{9A59CD35-905D-40A8-B867-576CDE40E9C0}.Debug|Any CPU.ActiveCfg = Debug|Any CPU
		{9A59CD35-905D-40A8-B867-576CDE40E9C0}.Debug|Any CPU.Build.0 = Debug|Any CPU
		{9A59CD35-905D-40A8-B867-576CDE40E9C0}.Release|Any CPU.ActiveCfg = Release|Any CPU
		{9A59CD35-905D-40A8-B867-576CDE40E9C0}.Release|Any CPU.Build.0 = Release|Any CPU
	EndGlobalSection
	GlobalSection(NestedProjects) = preSolution
		{E328FFF2-B752-496E-B893-EA4D2198480F} = {C15586C6-A755-4AFB-A1A7-84636503FF09}
		{9A59CD35-905D-40A8-B867-576CDE40E9C0} = {C15586C6-A755-4AFB-A1A7-84636503FF09}
		{9F70723F-BFD8-4A3A-B694-8F463B52B73A} = {C15586C6-A755-4AFB-A1A7-84636503FF09}
		{FBDCF708-7A1B-4BC1-8FBE-9B9BCAD86E64} = {C15586C6-A755-4AFB-A1A7-84636503FF09}
		{6424DAC3-00C5-4DED-8674-E6B4FF6708BB} = {C15586C6-A755-4AFB-A1A7-84636503FF09}
	EndGlobalSection
EndGlobal
